
Microsoft Visual Studio Solution File, Format Version 12.00
# Visual Studio Version 17
VisualStudioVersion = 17.8.34525.116
MinimumVisualStudioVersion = 10.0.40219.1
Project("{9A19103F-16F7-4668-BE54-9A1E7A4F7556}") = "EventService.API", "src\EventService\EventService.API\EventService.API.csproj", "{2526C0DE-07BD-4FAE-A30B-BDD8AD220E99}"
EndProject
Project("{9A19103F-16F7-4668-BE54-9A1E7A4F7556}") = "EventService.Domain", "src\EventService\EventService.Domain\EventService.Domain.csproj", "{940D20A7-82B2-47D1-9AEB-A0A9122ACEA7}"
EndProject
Project("{9A19103F-16F7-4668-BE54-9A1E7A4F7556}") = "EventService.Infrastructure", "src\EventService\EventService.Infrastructure\EventService.Infrastructure.csproj", "{919792CF-E167-4CE6-869A-00F92D33AA7F}"
EndProject
Project("{9A19103F-16F7-4668-BE54-9A1E7A4F7556}") = "UserService.API", "src\UserService\UserService.API\UserService.API.csproj", "{83D9B3A9-AB9B-4D83-88D1-303654281C21}"
EndProject
Project("{FAE04EC0-301F-11D3-BF4B-00C04F79EFBC}") = "UserService.Domain", "src\UserService\UserService.Domain\UserService.Domain.csproj", "{47A01098-956D-4C03-B2BB-E7CFA6AA7468}"
EndProject
Project("{FAE04EC0-301F-11D3-BF4B-00C04F79EFBC}") = "UserService.Infrastructure", "src\UserService\UserService.Infrastructure\UserService.Infrastructure.csproj", "{FC4134C1-632D-4791-9E12-78E0DA725848}"
EndProject
Project("{FAE04EC0-301F-11D3-BF4B-00C04F79EFBC}") = "DreamGetter.Shared", "src\DreamGetter.Shared\DreamGetter.Shared.csproj", "{AE1869C7-28B2-412F-A6EC-1DF8667DBEC9}"
EndProject
Global
	GlobalSection(SolutionConfigurationPlatforms) = preSolution
		Debug|Any CPU = Debug|Any CPU
		Release|Any CPU = Release|Any CPU
	EndGlobalSection
	GlobalSection(ProjectConfigurationPlatforms) = postSolution
		{2526C0DE-07BD-4FAE-A30B-BDD8AD220E99}.Debug|Any CPU.ActiveCfg = Debug|Any CPU
		{2526C0DE-07BD-4FAE-A30B-BDD8AD220E99}.Debug|Any CPU.Build.0 = Debug|Any CPU
		{2526C0DE-07BD-4FAE-A30B-BDD8AD220E99}.Release|Any CPU.ActiveCfg = Release|Any CPU
		{2526C0DE-07BD-4FAE-A30B-BDD8AD220E99}.Release|Any CPU.Build.0 = Release|Any CPU
		{940D20A7-82B2-47D1-9AEB-A0A9122ACEA7}.Debug|Any CPU.ActiveCfg = Debug|Any CPU
		{940D20A7-82B2-47D1-9AEB-A0A9122ACEA7}.Debug|Any CPU.Build.0 = Debug|Any CPU
		{940D20A7-82B2-47D1-9AEB-A0A9122ACEA7}.Release|Any CPU.ActiveCfg = Release|Any CPU
		{940D20A7-82B2-47D1-9AEB-A0A9122ACEA7}.Release|Any CPU.Build.0 = Release|Any CPU
		{919792CF-E167-4CE6-869A-00F92D33AA7F}.Debug|Any CPU.ActiveCfg = Debug|Any CPU
		{919792CF-E167-4CE6-869A-00F92D33AA7F}.Debug|Any CPU.Build.0 = Debug|Any CPU
		{919792CF-E167-4CE6-869A-00F92D33AA7F}.Release|Any CPU.ActiveCfg = Release|Any CPU
		{919792CF-E167-4CE6-869A-00F92D33AA7F}.Release|Any CPU.Build.0 = Release|Any CPU
		{83D9B3A9-AB9B-4D83-88D1-303654281C21}.Debug|Any CPU.ActiveCfg = Debug|Any CPU
		{83D9B3A9-AB9B-4D83-88D1-303654281C21}.Debug|Any CPU.Build.0 = Debug|Any CPU
		{83D9B3A9-AB9B-4D83-88D1-303654281C21}.Release|Any CPU.ActiveCfg = Release|Any CPU
		{83D9B3A9-AB9B-4D83-88D1-303654281C21}.Release|Any CPU.Build.0 = Release|Any CPU
		{47A01098-956D-4C03-B2BB-E7CFA6AA7468}.Debug|Any CPU.ActiveCfg = Debug|Any CPU
		{47A01098-956D-4C03-B2BB-E7CFA6AA7468}.Debug|Any CPU.Build.0 = Debug|Any CPU
		{47A01098-956D-4C03-B2BB-E7CFA6AA7468}.Release|Any CPU.ActiveCfg = Release|Any CPU
		{47A01098-956D-4C03-B2BB-E7CFA6AA7468}.Release|Any CPU.Build.0 = Release|Any CPU
		{FC4134C1-632D-4791-9E12-78E0DA725848}.Debug|Any CPU.ActiveCfg = Debug|Any CPU
		{FC4134C1-632D-4791-9E12-78E0DA725848}.Debug|Any CPU.Build.0 = Debug|Any CPU
		{FC4134C1-632D-4791-9E12-78E0DA725848}.Release|Any CPU.ActiveCfg = Release|Any CPU
		{FC4134C1-632D-4791-9E12-78E0DA725848}.Release|Any CPU.Build.0 = Release|Any CPU
		{AE1869C7-28B2-412F-A6EC-1DF8667DBEC9}.Debug|Any CPU.ActiveCfg = Debug|Any CPU
		{AE1869C7-28B2-412F-A6EC-1DF8667DBEC9}.Debug|Any CPU.Build.0 = Debug|Any CPU
		{AE1869C7-28B2-412F-A6EC-1DF8667DBEC9}.Release|Any CPU.ActiveCfg = Release|Any CPU
		{AE1869C7-28B2-412F-A6EC-1DF8667DBEC9}.Release|Any CPU.Build.0 = Release|Any CPU
	EndGlobalSection
	GlobalSection(SolutionProperties) = preSolution
		HideSolutionNode = FALSE
	EndGlobalSection
	GlobalSection(ExtensibilityGlobals) = postSolution
		SolutionGuid = {BC448235-37FA-4878-B7D2-12A5A301245F}
	EndGlobalSection
EndGlobal
